{
  "name": "regex-adventure-exercises",
  "version": "1.0.0",
  "lockfileVersion": 1,
  "requires": true,
  "dependencies": {
    "marked": {
      "version": "1.2.6",
      "resolved": "https://registry.npmjs.org/marked/-/marked-1.2.6.tgz",
      "integrity": "sha512-7vVuSEZ8g/HH3hK/BH/+7u/NJj7x9VY4EHzujLDcqAQLiOUeFJYAsfSAyoWtR17lKrx7b08qyIno4lffwrzTaA=="
    }
  }
}
